
Microsoft Visual Studio Solution File, Format Version 12.00
# Visual Studio 15
VisualStudioVersion = 15.0.27428.2005
MinimumVisualStudioVersion = 10.0.40219.1
Project("{9A19103F-16F7-4668-BE54-9A1E7A4F7556}") = "ExerciseForLearningWords", "ExerciseForLearningWords\ExerciseForLearningWords.csproj", "{78185029-0A74-48C8-8D79-179655624645}"
EndProject
Project("{9A19103F-16F7-4668-BE54-9A1E7A4F7556}") = "ExerciseForLearningWords.DAL", "ExerciseForLearningWords.DAL\ExerciseForLearningWords.DAL.csproj", "{5D225080-8C6D-4681-8CC6-85D3229A2499}"
EndProject
Project("{9A19103F-16F7-4668-BE54-9A1E7A4F7556}") = "ExerciseForLearningWords.BLL", "ExerciseForLearningWords.BLL\ExerciseForLearningWords.BLL.csproj", "{89C9E6CC-3C96-42FE-A681-9D829821ABE8}"
EndProject
Project("{FAE04EC0-301F-11D3-BF4B-00C04F79EFBC}") = "UnitTest", "UnitTest\UnitTest.csproj", "{CAA6C72C-C2C5-4D58-88C1-23ACC5714CF9}"
EndProject
Global
	GlobalSection(SolutionConfigurationPlatforms) = preSolution
		Debug|Any CPU = Debug|Any CPU
		Release|Any CPU = Release|Any CPU
	EndGlobalSection
	GlobalSection(ProjectConfigurationPlatforms) = postSolution
		{78185029-0A74-48C8-8D79-179655624645}.Debug|Any CPU.ActiveCfg = Debug|Any CPU
		{78185029-0A74-48C8-8D79-179655624645}.Debug|Any CPU.Build.0 = Debug|Any CPU
		{78185029-0A74-48C8-8D79-179655624645}.Release|Any CPU.ActiveCfg = Release|Any CPU
		{78185029-0A74-48C8-8D79-179655624645}.Release|Any CPU.Build.0 = Release|Any CPU
		{5D225080-8C6D-4681-8CC6-85D3229A2499}.Debug|Any CPU.ActiveCfg = Debug|Any CPU
		{5D225080-8C6D-4681-8CC6-85D3229A2499}.Debug|Any CPU.Build.0 = Debug|Any CPU
		{5D225080-8C6D-4681-8CC6-85D3229A2499}.Release|Any CPU.ActiveCfg = Release|Any CPU
		{5D225080-8C6D-4681-8CC6-85D3229A2499}.Release|Any CPU.Build.0 = Release|Any CPU
		{89C9E6CC-3C96-42FE-A681-9D829821ABE8}.Debug|Any CPU.ActiveCfg = Debug|Any CPU
		{89C9E6CC-3C96-42FE-A681-9D829821ABE8}.Debug|Any CPU.Build.0 = Debug|Any CPU
		{89C9E6CC-3C96-42FE-A681-9D829821ABE8}.Release|Any CPU.ActiveCfg = Release|Any CPU
		{89C9E6CC-3C96-42FE-A681-9D829821ABE8}.Release|Any CPU.Build.0 = Release|Any CPU
		{CAA6C72C-C2C5-4D58-88C1-23ACC5714CF9}.Debug|Any CPU.ActiveCfg = Debug|Any CPU
		{CAA6C72C-C2C5-4D58-88C1-23ACC5714CF9}.Debug|Any CPU.Build.0 = Debug|Any CPU
		{CAA6C72C-C2C5-4D58-88C1-23ACC5714CF9}.Release|Any CPU.ActiveCfg = Release|Any CPU
		{CAA6C72C-C2C5-4D58-88C1-23ACC5714CF9}.Release|Any CPU.Build.0 = Release|Any CPU
	EndGlobalSection
	GlobalSection(SolutionProperties) = preSolution
		HideSolutionNode = FALSE
	EndGlobalSection
	GlobalSection(ExtensibilityGlobals) = postSolution
		SolutionGuid = {9F684E4F-AC22-4A63-94D7-D6576F4B9DF1}
	EndGlobalSection
EndGlobal
